
Microsoft Visual Studio Solution File, Format Version 12.00
# Visual Studio Version 16
VisualStudioVersion = 16.0.30717.126
MinimumVisualStudioVersion = 10.0.40219.1
Project("{FAE04EC0-301F-11D3-BF4B-00C04F79EFBC}") = "ProjetoM16", "ProjetoM16\ProjetoM16.csproj", "{68048EA0-8FBC-4DD0-80B7-6FBFF3DA0B74}"
EndProject
Global
	GlobalSection(SolutionConfigurationPlatforms) = preSolution
		Debug|Any CPU = Debug|Any CPU
		Release|Any CPU = Release|Any CPU
	EndGlobalSection
	GlobalSection(ProjectConfigurationPlatforms) = postSolution
		{68048EA0-8FBC-4DD0-80B7-6FBFF3DA0B74}.Debug|Any CPU.ActiveCfg = Debug|Any CPU
		{68048EA0-8FBC-4DD0-80B7-6FBFF3DA0B74}.Debug|Any CPU.Build.0 = Debug|Any CPU
		{68048EA0-8FBC-4DD0-80B7-6FBFF3DA0B74}.Release|Any CPU.ActiveCfg = Release|Any CPU
		{68048EA0-8FBC-4DD0-80B7-6FBFF3DA0B74}.Release|Any CPU.Build.0 = Release|Any CPU
	EndGlobalSection
	GlobalSection(SolutionProperties) = preSolution
		HideSolutionNode = FALSE
	EndGlobalSection
	GlobalSection(ExtensibilityGlobals) = postSolution
		SolutionGuid = {621890A5-CFF4-417E-A5F0-A474AD39D319}
	EndGlobalSection
EndGlobal
